{
    "name": "@innkeeper/contracts",
    "version": "0.1.0",
    "lockfileVersion": 3,
    "requires": true,
    "packages": {
        "": {
            "name": "@innkeeper/contracts",
            "version": "0.1.0",
            "dependencies": {
                "@openzeppelin/contracts": "^5.0.0",
                "@openzeppelin/contracts-upgradeable": "^5.0.0",
                "@uniswap/swap-router-contracts": "^1.3.1",
                "@uniswap/v3-core": "^1.0.1",
                "@uniswap/v3-periphery": "^1.4.4",
                "solmate": "6.8.0"
            },
            "devDependencies": {
                "@nomicfoundation/hardhat-toolbox": "^4.0.0",
                "@openzeppelin/hardhat-upgrades": "^3.0.0",
                "@types/mocha": "^10.0.6",
                "@types/node": "^20.10.0",
                "@uniswap/v4-core": "^1.0.2",
                "@uniswap/v4-periphery": "^1.0.3",
                "dotenv": "^16.3.1",
                "hardhat": "^2.19.0",
                "ts-node": "^10.9.2",
                "typescript": "^5.9.3"
            }
        },
        "../../node_modules/.pnpm/@nomicfoundation+hardhat-to_7d215f21b628f0486a947331869970d3/node_modules/@nomicfoundation/hardhat-toolbox": {
            "version": "4.0.0",
            "dev": true,
            "license": "MIT",
            "devDependencies": {
                "@nomicfoundation/eslint-plugin-hardhat-internal-rules": "^1.0.2",
                "@nomicfoundation/eslint-plugin-slow-imports": "^1.0.0",
                "@nomicfoundation/hardhat-chai-matchers": "^2.0.0",
                "@nomicfoundation/hardhat-ethers": "^3.0.0",
                "@nomicfoundation/hardhat-network-helpers": "^1.0.0",
                "@nomicfoundation/hardhat-verify": "^2.0.0",
                "@typechain/ethers-v6": "^0.5.0",
                "@typechain/hardhat": "^9.0.0",
                "@types/chai": "^4.2.0",
                "@types/mocha": ">=9.1.0",
                "@types/node": "^16.0.0",
                "@typescript-eslint/eslint-plugin": "5.61.0",
                "@typescript-eslint/parser": "5.61.0",
                "chai": "^4.2.0",
                "eslint": "^8.44.0",
                "eslint-config-prettier": "8.3.0",
                "eslint-plugin-import": "2.27.5",
                "eslint-plugin-no-only-tests": "3.0.0",
                "eslint-plugin-prettier": "3.4.0",
                "ethers": "^6.4.0",
                "hardhat": "^2.11.0",
                "hardhat-gas-reporter": "^1.0.8",
                "mocha": "^10.0.0",
                "prettier": "2.4.1",
                "rimraf": "^3.0.2",
                "solidity-coverage": "^0.8.1",
                "ts-node": "^10.8.0",
                "typechain": "^8.3.1",
                "typescript": "~5.0.0"
            },
            "peerDependencies": {
                "@nomicfoundation/hardhat-chai-matchers": "^2.0.0",
                "@nomicfoundation/hardhat-ethers": "^3.0.0",
                "@nomicfoundation/hardhat-network-helpers": "^1.0.0",
                "@nomicfoundation/hardhat-verify": "^2.0.0",
                "@typechain/ethers-v6": "^0.5.0",
                "@typechain/hardhat": "^9.0.0",
                "@types/chai": "^4.2.0",
                "@types/mocha": ">=9.1.0",
                "@types/node": ">=16.0.0",
                "chai": "^4.2.0",
                "ethers": "^6.4.0",
                "hardhat": "^2.11.0",
                "hardhat-gas-reporter": "^1.0.8",
                "solidity-coverage": "^0.8.1",
                "ts-node": ">=8.0.0",
                "typechain": "^8.3.0",
                "typescript": ">=4.5.0"
            }
        },
        "../../node_modules/.pnpm/@openzeppelin+contracts-upg_baab94fc9c69e41fac4dee6ea1275b76/node_modules/@openzeppelin/contracts-upgradeable": {
            "version": "5.4.0",
            "license": "MIT",
            "peerDependencies": {
                "@openzeppelin/contracts": "5.4.0"
            }
        },
        "../../node_modules/.pnpm/@openzeppelin+contracts@5.4.0/node_modules/@openzeppelin/contracts": {
            "version": "5.4.0",
            "license": "MIT"
        },
        "../../node_modules/.pnpm/@openzeppelin+hardhat-upgra_1970a74f23792257ddf18d49e02da1c4/node_modules/@openzeppelin/hardhat-upgrades": {
            "version": "3.9.1",
            "dev": true,
            "license": "MIT",
            "dependencies": {
                "@openzeppelin/defender-sdk-base-client": "^2.1.0",
                "@openzeppelin/defender-sdk-deploy-client": "^2.1.0",
                "@openzeppelin/defender-sdk-network-client": "^2.1.0",
                "@openzeppelin/upgrades-core": "^1.41.0",
                "chalk": "^4.1.0",
                "debug": "^4.1.1",
                "ethereumjs-util": "^7.1.5",
                "proper-lockfile": "^4.1.1",
                "undici": "^6.11.1"
            },
            "bin": {
                "migrate-oz-cli-project": "dist/scripts/migrate-oz-cli-project.js"
            },
            "devDependencies": {
                "@nomicfoundation/hardhat-ethers": "^3.0.6",
                "@nomicfoundation/hardhat-verify": "^2.0.14",
                "@openzeppelin/contracts": "5.3.0",
                "@openzeppelin/contracts-upgradeable": "5.3.0",
                "@types/mocha": "^7.0.2",
                "ava": "^6.0.0",
                "fgbg": "^0.1.4",
                "hardhat": "^2.24.1",
                "promisified": "^0.5.0",
                "proxyquire": "^2.1.3",
                "rimraf": "^5.0.0",
                "sinon": "^20.0.0"
            },
            "peerDependencies": {
                "@nomicfoundation/hardhat-ethers": "^3.0.6",
                "@nomicfoundation/hardhat-verify": "^2.0.14",
                "ethers": "^6.6.0",
                "hardhat": "^2.24.1"
            },
            "peerDependenciesMeta": {
                "@nomicfoundation/hardhat-verify": {
                    "optional": true
                }
            }
        },
        "../../node_modules/.pnpm/@types+mocha@10.0.10/node_modules/@types/mocha": {
            "version": "10.0.10",
            "dev": true,
            "license": "MIT"
        },
        "../../node_modules/.pnpm/@types+node@20.19.25/node_modules/@types/node": {
            "version": "20.19.25",
            "dev": true,
            "license": "MIT",
            "dependencies": {
                "undici-types": "~6.21.0"
            }
        },
        "../../node_modules/.pnpm/@uniswap+swap-router-contra_8cc0c4d17e90103aa9286c19b2744bde/node_modules/@uniswap/swap-router-contracts": {
            "version": "1.3.1",
            "license": "GPL-2.0-or-later",
            "dependencies": {
                "@openzeppelin/contracts": "3.4.2-solc-0.7",
                "@uniswap/v2-core": "^1.0.1",
                "@uniswap/v3-core": "^1.0.0",
                "@uniswap/v3-periphery": "^1.4.4",
                "dotenv": "^14.2.0",
                "hardhat-watcher": "^2.1.1"
            },
            "devDependencies": {
                "@nomiclabs/hardhat-ethers": "^2.0.2",
                "@nomiclabs/hardhat-etherscan": "^2.1.8",
                "@nomiclabs/hardhat-waffle": "^2.0.1",
                "@typechain/ethers-v5": "^4.0.0",
                "@types/chai": "^4.2.6",
                "@types/mocha": "^5.2.7",
                "chai": "^4.2.0",
                "decimal.js": "^10.2.1",
                "ethereum-waffle": "^3.0.2",
                "ethers": "^5.0.8",
                "hardhat": "^2.6.8",
                "hardhat-typechain": "^0.3.5",
                "is-svg": "^4.3.1",
                "mocha": "^6.2.2",
                "mocha-chai-jest-snapshot": "^1.1.0",
                "prettier": "^2.0.5",
                "prettier-plugin-solidity": "^1.0.0-beta.10",
                "solhint": "^3.2.1",
                "solhint-plugin-prettier": "^0.0.5",
                "ts-generator": "^0.1.1",
                "ts-node": "^8.5.4",
                "typechain": "^4.0.0",
                "typescript": "^3.7.3"
            },
            "engines": {
                "node": ">=10"
            }
        },
        "../../node_modules/.pnpm/@uniswap+v3-core@1.0.1/node_modules/@uniswap/v3-core": {
            "version": "1.0.1",
            "license": "BUSL-1.1",
            "devDependencies": {
                "@nomiclabs/hardhat-ethers": "^2.0.2",
                "@nomiclabs/hardhat-etherscan": "^2.1.8",
                "@nomiclabs/hardhat-waffle": "^2.0.1",
                "@typechain/ethers-v5": "^4.0.0",
                "@types/chai": "^4.2.6",
                "@types/mocha": "^5.2.7",
                "chai": "^4.2.0",
                "decimal.js": "^10.2.1",
                "ethereum-waffle": "^3.0.2",
                "ethers": "^5.0.8",
                "hardhat": "^2.2.0",
                "hardhat-typechain": "^0.3.5",
                "mocha": "^6.2.2",
                "mocha-chai-jest-snapshot": "^1.1.0",
                "prettier": "^2.0.5",
                "prettier-plugin-solidity": "^1.0.0-alpha.59",
                "solhint": "^3.2.1",
                "solhint-plugin-prettier": "^0.0.5",
                "ts-generator": "^0.1.1",
                "ts-node": "^8.5.4",
                "typechain": "^4.0.0",
                "typescript": "^3.7.3"
            },
            "engines": {
                "node": ">=10"
            }
        },
        "../../node_modules/.pnpm/@uniswap+v3-periphery@1.4.4/node_modules/@uniswap/v3-periphery": {
            "version": "1.4.4",
            "license": "GPL-2.0-or-later",
            "dependencies": {
                "@openzeppelin/contracts": "3.4.2-solc-0.7",
                "@uniswap/lib": "^4.0.1-alpha",
                "@uniswap/v2-core": "^1.0.1",
                "@uniswap/v3-core": "^1.0.0",
                "base64-sol": "1.0.1"
            },
            "devDependencies": {
                "@nomiclabs/hardhat-ethers": "^2.0.2",
                "@nomiclabs/hardhat-etherscan": "^2.1.8",
                "@nomiclabs/hardhat-waffle": "^2.0.1",
                "@typechain/ethers-v5": "^4.0.0",
                "@types/chai": "^4.2.6",
                "@types/mocha": "^5.2.7",
                "chai": "^4.2.0",
                "decimal.js": "^10.2.1",
                "ethereum-waffle": "^3.0.2",
                "ethers": "^5.0.8",
                "hardhat": "^2.6.8",
                "hardhat-typechain": "^0.3.5",
                "hardhat-watcher": "^2.1.1",
                "is-svg": "^4.3.1",
                "mocha": "^6.2.2",
                "mocha-chai-jest-snapshot": "^1.1.0",
                "prettier": "^2.0.5",
                "prettier-plugin-solidity": "^1.0.0-beta.10",
                "solhint": "^3.2.1",
                "solhint-plugin-prettier": "^0.0.5",
                "ts-generator": "^0.1.1",
                "ts-node": "^8.5.4",
                "typechain": "^4.0.0",
                "typescript": "^3.7.3"
            },
            "engines": {
                "node": ">=10"
            }
        },
        "../../node_modules/.pnpm/@uniswap+v4-core@1.0.2/node_modules/@uniswap/v4-core": {
            "version": "1.0.2",
            "dev": true,
            "license": "BUSL-1.1"
        },
        "../../node_modules/.pnpm/@uniswap+v4-periphery@1.0.3/node_modules/@uniswap/v4-periphery": {
            "version": "1.0.3",
            "dev": true,
            "license": "MIT"
        },
        "../../node_modules/.pnpm/dotenv@16.6.1/node_modules/dotenv": {
            "version": "16.6.1",
            "dev": true,
            "license": "BSD-2-Clause",
            "devDependencies": {
                "@types/node": "^18.11.3",
                "decache": "^4.6.2",
                "sinon": "^14.0.1",
                "standard": "^17.0.0",
                "standard-version": "^9.5.0",
                "tap": "^19.2.0",
                "typescript": "^4.8.4"
            },
            "engines": {
                "node": ">=12"
            },
            "funding": {
                "url": "https://dotenvx.com"
            }
        },
        "../../node_modules/.pnpm/hardhat@2.27.0_bufferutil@4_1d4cff43b59b11ea9974f10e9d4d1b8f/node_modules/hardhat": {
            "version": "2.27.0",
            "dev": true,
            "license": "MIT",
            "dependencies": {
                "@ethereumjs/util": "^9.1.0",
                "@ethersproject/abi": "^5.1.2",
                "@nomicfoundation/edr": "^0.12.0-next.7",
                "@nomicfoundation/solidity-analyzer": "^0.1.0",
                "@sentry/node": "^5.18.1",
                "adm-zip": "^0.4.16",
                "aggregate-error": "^3.0.0",
                "ansi-escapes": "^4.3.0",
                "boxen": "^5.1.2",
                "chokidar": "^4.0.0",
                "ci-info": "^2.0.0",
                "debug": "^4.1.1",
                "enquirer": "^2.3.0",
                "env-paths": "^2.2.0",
                "ethereum-cryptography": "^1.0.3",
                "find-up": "^5.0.0",
                "fp-ts": "1.19.3",
                "fs-extra": "^7.0.1",
                "immutable": "^4.0.0-rc.12",
                "io-ts": "1.10.4",
                "json-stream-stringify": "^3.1.4",
                "keccak": "^3.0.2",
                "lodash": "^4.17.11",
                "micro-eth-signer": "^0.14.0",
                "mnemonist": "^0.38.0",
                "mocha": "^10.0.0",
                "p-map": "^4.0.0",
                "picocolors": "^1.1.0",
                "raw-body": "^2.4.1",
                "resolve": "1.17.0",
                "semver": "^6.3.0",
                "solc": "0.8.26",
                "source-map-support": "^0.5.13",
                "stacktrace-parser": "^0.1.10",
                "tinyglobby": "^0.2.6",
                "tsort": "0.0.1",
                "undici": "^5.14.0",
                "uuid": "^8.3.2",
                "ws": "^7.4.6"
            },
            "bin": {
                "hardhat": "internal/cli/bootstrap.js"
            },
            "devDependencies": {
                "@nomicfoundation/eslint-plugin-hardhat-internal-rules": "^1.0.2",
                "@nomicfoundation/eslint-plugin-slow-imports": "^1.0.0",
                "@types/async-eventemitter": "^0.2.1",
                "@types/bn.js": "^5.1.0",
                "@types/chai": "^4.2.0",
                "@types/chai-as-promised": "^7.1.3",
                "@types/ci-info": "^2.0.0",
                "@types/debug": "^4.1.4",
                "@types/fs-extra": "^5.1.0",
                "@types/keccak": "^3.0.1",
                "@types/lodash": "^4.14.123",
                "@types/mocha": ">=9.1.0",
                "@types/node": "^20.0.0",
                "@types/resolve": "^1.17.1",
                "@types/semver": "^6.0.2",
                "@types/sinon": "^9.0.8",
                "@types/uuid": "^8.3.1",
                "@types/ws": "^7.2.1",
                "@typescript-eslint/eslint-plugin": "5.61.0",
                "@typescript-eslint/parser": "5.61.0",
                "bignumber.js": "^9.0.2",
                "bn.js": "^5.1.0",
                "chai": "^4.2.0",
                "chai-as-promised": "^7.1.1",
                "eslint": "^8.44.0",
                "eslint-config-prettier": "8.3.0",
                "eslint-plugin-import": "2.27.5",
                "eslint-plugin-mocha": "10.4.1",
                "eslint-plugin-prettier": "3.4.0",
                "ethers": "^6.14.0",
                "ethers-v5": "npm:ethers@5",
                "mocha": "^10.0.0",
                "prettier": "2.4.1",
                "rimraf": "^3.0.2",
                "sinon": "^9.0.0",
                "time-require": "^0.1.2",
                "ts-node": "^10.8.0",
                "typescript": "~5.0.0"
            },
            "peerDependencies": {
                "ts-node": "*",
                "typescript": "*"
            },
            "peerDependenciesMeta": {
                "ts-node": {
                    "optional": true
                },
                "typescript": {
                    "optional": true
                }
            }
        },
        "../../node_modules/.pnpm/ts-node@10.9.2_@types+node@20.19.25_typescript@5.9.3/node_modules/ts-node": {
            "version": "10.9.2",
            "dev": true,
            "license": "MIT",
            "dependencies": {
                "@cspotcode/source-map-support": "^0.8.0",
                "@tsconfig/node10": "^1.0.7",
                "@tsconfig/node12": "^1.0.7",
                "@tsconfig/node14": "^1.0.0",
                "@tsconfig/node16": "^1.0.2",
                "acorn": "^8.4.1",
                "acorn-walk": "^8.1.1",
                "arg": "^4.1.0",
                "create-require": "^1.1.0",
                "diff": "^4.0.1",
                "make-error": "^1.1.1",
                "v8-compile-cache-lib": "^3.0.1",
                "yn": "3.1.1"
            },
            "bin": {
                "ts-node": "dist/bin.js",
                "ts-node-cwd": "dist/bin-cwd.js",
                "ts-node-esm": "dist/bin-esm.js",
                "ts-node-script": "dist/bin-script.js",
                "ts-node-transpile-only": "dist/bin-transpile.js",
                "ts-script": "dist/bin-script-deprecated.js"
            },
            "devDependencies": {
                "@microsoft/api-extractor": "^7.19.4",
                "@swc/core": "^1.3.100",
                "@swc/wasm": "^1.3.100",
                "@types/diff": "^4.0.2",
                "@types/lodash": "^4.14.151",
                "@types/node": "13.13.5",
                "@types/proper-lockfile": "^4.1.2",
                "@types/proxyquire": "^1.3.28",
                "@types/react": "^16.14.19",
                "@types/rimraf": "^3.0.0",
                "@types/semver": "^7.1.0",
                "@yarnpkg/fslib": "^2.4.0",
                "ava": "^3.15.0",
                "axios": "^0.21.1",
                "dprint": "^0.25.0",
                "expect": "^27.0.2",
                "get-stream": "^6.0.0",
                "lodash": "^4.17.15",
                "ntypescript": "^1.201507091536.1",
                "nyc": "^15.0.1",
                "outdent": "^0.8.0",
                "proper-lockfile": "^4.1.2",
                "proxyquire": "^2.0.0",
                "react": "^16.14.0",
                "rimraf": "^3.0.0",
                "semver": "^7.1.3",
                "throat": "^6.0.1",
                "typedoc": "^0.22.10",
                "typescript": "4.7.4",
                "typescript-json-schema": "^0.53.0",
                "util.promisify": "^1.0.1"
            },
            "peerDependencies": {
                "@swc/core": ">=1.2.50",
                "@swc/wasm": ">=1.2.50",
                "@types/node": "*",
                "typescript": ">=2.7"
            },
            "peerDependenciesMeta": {
                "@swc/core": {
                    "optional": true
                },
                "@swc/wasm": {
                    "optional": true
                }
            }
        },
        "../../node_modules/.pnpm/typescript@5.9.3/node_modules/typescript": {
            "version": "5.9.3",
            "dev": true,
            "license": "Apache-2.0",
            "bin": {
                "tsc": "bin/tsc",
                "tsserver": "bin/tsserver"
            },
            "devDependencies": {
                "@dprint/formatter": "^0.4.1",
                "@dprint/typescript": "0.93.4",
                "@esfx/canceltoken": "^1.0.0",
                "@eslint/js": "^9.20.0",
                "@octokit/rest": "^21.1.1",
                "@types/chai": "^4.3.20",
                "@types/diff": "^7.0.1",
                "@types/minimist": "^1.2.5",
                "@types/mocha": "^10.0.10",
                "@types/ms": "^0.7.34",
                "@types/node": "latest",
                "@types/source-map-support": "^0.5.10",
                "@types/which": "^3.0.4",
                "@typescript-eslint/rule-tester": "^8.24.1",
                "@typescript-eslint/type-utils": "^8.24.1",
                "@typescript-eslint/utils": "^8.24.1",
                "azure-devops-node-api": "^14.1.0",
                "c8": "^10.1.3",
                "chai": "^4.5.0",
                "chokidar": "^4.0.3",
                "diff": "^7.0.0",
                "dprint": "^0.49.0",
                "esbuild": "^0.25.0",
                "eslint": "^9.20.1",
                "eslint-formatter-autolinkable-stylish": "^1.4.0",
                "eslint-plugin-regexp": "^2.7.0",
                "fast-xml-parser": "^4.5.2",
                "glob": "^10.4.5",
                "globals": "^15.15.0",
                "hereby": "^1.10.0",
                "jsonc-parser": "^3.3.1",
                "knip": "^5.44.4",
                "minimist": "^1.2.8",
                "mocha": "^10.8.2",
                "mocha-fivemat-progress-reporter": "^0.1.0",
                "monocart-coverage-reports": "^2.12.1",
                "ms": "^2.1.3",
                "picocolors": "^1.1.1",
                "playwright": "^1.50.1",
                "source-map-support": "^0.5.21",
                "tslib": "^2.8.1",
                "typescript": "^5.7.3",
                "typescript-eslint": "^8.24.1",
                "which": "^3.0.1"
            },
            "engines": {
                "node": ">=14.17"
            }
        },
        "node_modules/@nomicfoundation/hardhat-toolbox": {
            "resolved": "../../node_modules/.pnpm/@nomicfoundation+hardhat-to_7d215f21b628f0486a947331869970d3/node_modules/@nomicfoundation/hardhat-toolbox",
            "link": true
        },
        "node_modules/@openzeppelin/contracts": {
            "resolved": "../../node_modules/.pnpm/@openzeppelin+contracts@5.4.0/node_modules/@openzeppelin/contracts",
            "link": true
        },
        "node_modules/@openzeppelin/contracts-upgradeable": {
            "resolved": "../../node_modules/.pnpm/@openzeppelin+contracts-upg_baab94fc9c69e41fac4dee6ea1275b76/node_modules/@openzeppelin/contracts-upgradeable",
            "link": true
        },
        "node_modules/@openzeppelin/hardhat-upgrades": {
            "resolved": "../../node_modules/.pnpm/@openzeppelin+hardhat-upgra_1970a74f23792257ddf18d49e02da1c4/node_modules/@openzeppelin/hardhat-upgrades",
            "link": true
        },
        "node_modules/@types/mocha": {
            "resolved": "../../node_modules/.pnpm/@types+mocha@10.0.10/node_modules/@types/mocha",
            "link": true
        },
        "node_modules/@types/node": {
            "resolved": "../../node_modules/.pnpm/@types+node@20.19.25/node_modules/@types/node",
            "link": true
        },
        "node_modules/@uniswap/swap-router-contracts": {
            "resolved": "../../node_modules/.pnpm/@uniswap+swap-router-contra_8cc0c4d17e90103aa9286c19b2744bde/node_modules/@uniswap/swap-router-contracts",
            "link": true
        },
        "node_modules/@uniswap/v3-core": {
            "resolved": "../../node_modules/.pnpm/@uniswap+v3-core@1.0.1/node_modules/@uniswap/v3-core",
            "link": true
        },
        "node_modules/@uniswap/v3-periphery": {
            "resolved": "../../node_modules/.pnpm/@uniswap+v3-periphery@1.4.4/node_modules/@uniswap/v3-periphery",
            "link": true
        },
        "node_modules/@uniswap/v4-core": {
            "resolved": "../../node_modules/.pnpm/@uniswap+v4-core@1.0.2/node_modules/@uniswap/v4-core",
            "link": true
        },
        "node_modules/@uniswap/v4-periphery": {
            "resolved": "../../node_modules/.pnpm/@uniswap+v4-periphery@1.0.3/node_modules/@uniswap/v4-periphery",
            "link": true
        },
        "node_modules/dotenv": {
            "resolved": "../../node_modules/.pnpm/dotenv@16.6.1/node_modules/dotenv",
            "link": true
        },
        "node_modules/hardhat": {
            "resolved": "../../node_modules/.pnpm/hardhat@2.27.0_bufferutil@4_1d4cff43b59b11ea9974f10e9d4d1b8f/node_modules/hardhat",
            "link": true
        },
        "node_modules/solmate": {
            "version": "6.8.0",
            "resolved": "https://registry.npmjs.org/solmate/-/solmate-6.8.0.tgz",
            "integrity": "sha512-/oI8kgEvSxGG1mrFv3FmCEZd0F8Z9VzRmoYMIhzmmzt6mjtPwfdCm3oh8yOL7bMHJBSfXJuMpnMPrM0uyaKsKg==",
            "license": "AGPL-3.0-only"
        },
        "node_modules/ts-node": {
            "resolved": "../../node_modules/.pnpm/ts-node@10.9.2_@types+node@20.19.25_typescript@5.9.3/node_modules/ts-node",
            "link": true
        },
        "node_modules/typescript": {
            "resolved": "../../node_modules/.pnpm/typescript@5.9.3/node_modules/typescript",
            "link": true
        }
    }
}
